# This file is automatically @generated by Cargo.
# It is not intended for manual editing.
version = 4

[[package]]
name = "tinker"
version = "0.1.0"
dependencies = [
 "tinker-agent",
 "tinker-catalog",
 "tinker-protocol",
]

[[package]]
name = "tinker-agent"
version = "0.1.0"

[[package]]
name = "tinker-catalog"
version = "0.1.0"

[[package]]
name = "tinker-protocol"
version = "0.1.0"
